
Microsoft Visual Studio Solution File, Format Version 12.00
# Visual Studio Version 17
VisualStudioVersion = 17.13.35806.99
MinimumVisualStudioVersion = 10.0.40219.1
Project("{FAE04EC0-301F-11D3-BF4B-00C04F79EFBC}") = "Task1", "Task1\Task1.csproj", "{62F2705B-D0AC-4E97-9F03-23887A0DB73D}"
EndProject
Project("{FAE04EC0-301F-11D3-BF4B-00C04F79EFBC}") = "Task2", "Task2\Task2.csproj", "{4FDE00DB-A9C2-413E-9B22-D42659BFDAF3}"
EndProject
Project("{FAE04EC0-301F-11D3-BF4B-00C04F79EFBC}") = "Task3", "Task3\Task3.csproj", "{3C24C874-14FB-4F54-B3BD-54E38BBDA8D6}"
EndProject
Global
	GlobalSection(SolutionConfigurationPlatforms) = preSolution
		Debug|Any CPU = Debug|Any CPU
		Release|Any CPU = Release|Any CPU
	EndGlobalSection
	GlobalSection(ProjectConfigurationPlatforms) = postSolution
		{62F2705B-D0AC-4E97-9F03-23887A0DB73D}.Debug|Any CPU.ActiveCfg = Debug|Any CPU
		{62F2705B-D0AC-4E97-9F03-23887A0DB73D}.Debug|Any CPU.Build.0 = Debug|Any CPU
		{62F2705B-D0AC-4E97-9F03-23887A0DB73D}.Release|Any CPU.ActiveCfg = Release|Any CPU
		{62F2705B-D0AC-4E97-9F03-23887A0DB73D}.Release|Any CPU.Build.0 = Release|Any CPU
		{4FDE00DB-A9C2-413E-9B22-D42659BFDAF3}.Debug|Any CPU.ActiveCfg = Debug|Any CPU
		{4FDE00DB-A9C2-413E-9B22-D42659BFDAF3}.Debug|Any CPU.Build.0 = Debug|Any CPU
		{4FDE00DB-A9C2-413E-9B22-D42659BFDAF3}.Release|Any CPU.ActiveCfg = Release|Any CPU
		{4FDE00DB-A9C2-413E-9B22-D42659BFDAF3}.Release|Any CPU.Build.0 = Release|Any CPU
		{3C24C874-14FB-4F54-B3BD-54E38BBDA8D6}.Debug|Any CPU.ActiveCfg = Debug|Any CPU
		{3C24C874-14FB-4F54-B3BD-54E38BBDA8D6}.Debug|Any CPU.Build.0 = Debug|Any CPU
		{3C24C874-14FB-4F54-B3BD-54E38BBDA8D6}.Release|Any CPU.ActiveCfg = Release|Any CPU
		{3C24C874-14FB-4F54-B3BD-54E38BBDA8D6}.Release|Any CPU.Build.0 = Release|Any CPU
	EndGlobalSection
	GlobalSection(SolutionProperties) = preSolution
		HideSolutionNode = FALSE
	EndGlobalSection
	GlobalSection(ExtensibilityGlobals) = postSolution
		SolutionGuid = {455041F3-AE9E-4FC6-870A-D241992F3805}
	EndGlobalSection
EndGlobal
