
Microsoft Visual Studio Solution File, Format Version 12.00
# Visual Studio Version 17
VisualStudioVersion = 17.13.35806.99 d17.13
MinimumVisualStudioVersion = 10.0.40219.1
Project("{FAE04EC0-301F-11D3-BF4B-00C04F79EFBC}") = "Task1", "Task1\Task1.csproj", "{94B11DB3-76E8-49BE-9B08-66F7FD2D6FC5}"
EndProject
Global
	GlobalSection(SolutionConfigurationPlatforms) = preSolution
		Debug|Any CPU = Debug|Any CPU
		Release|Any CPU = Release|Any CPU
	EndGlobalSection
	GlobalSection(ProjectConfigurationPlatforms) = postSolution
		{94B11DB3-76E8-49BE-9B08-66F7FD2D6FC5}.Debug|Any CPU.ActiveCfg = Debug|Any CPU
		{94B11DB3-76E8-49BE-9B08-66F7FD2D6FC5}.Debug|Any CPU.Build.0 = Debug|Any CPU
		{94B11DB3-76E8-49BE-9B08-66F7FD2D6FC5}.Release|Any CPU.ActiveCfg = Release|Any CPU
		{94B11DB3-76E8-49BE-9B08-66F7FD2D6FC5}.Release|Any CPU.Build.0 = Release|Any CPU
	EndGlobalSection
	GlobalSection(SolutionProperties) = preSolution
		HideSolutionNode = FALSE
	EndGlobalSection
	GlobalSection(ExtensibilityGlobals) = postSolution
		SolutionGuid = {EEB645F6-AB95-435B-AB0F-DCF03A3FE1F1}
	EndGlobalSection
EndGlobal
