
Microsoft Visual Studio Solution File, Format Version 12.00
# Visual Studio Version 17
VisualStudioVersion = 17.13.35806.99 d17.13
MinimumVisualStudioVersion = 10.0.40219.1
Project("{FAE04EC0-301F-11D3-BF4B-00C04F79EFBC}") = "WinForms", "WinForms\WinForms.csproj", "{6426E4D7-792A-43C3-8FA7-7A9F97872120}"
EndProject
Global
	GlobalSection(SolutionConfigurationPlatforms) = preSolution
		Debug|Any CPU = Debug|Any CPU
		Release|Any CPU = Release|Any CPU
	EndGlobalSection
	GlobalSection(ProjectConfigurationPlatforms) = postSolution
		{6426E4D7-792A-43C3-8FA7-7A9F97872120}.Debug|Any CPU.ActiveCfg = Debug|Any CPU
		{6426E4D7-792A-43C3-8FA7-7A9F97872120}.Debug|Any CPU.Build.0 = Debug|Any CPU
		{6426E4D7-792A-43C3-8FA7-7A9F97872120}.Release|Any CPU.ActiveCfg = Release|Any CPU
		{6426E4D7-792A-43C3-8FA7-7A9F97872120}.Release|Any CPU.Build.0 = Release|Any CPU
	EndGlobalSection
	GlobalSection(SolutionProperties) = preSolution
		HideSolutionNode = FALSE
	EndGlobalSection
	GlobalSection(ExtensibilityGlobals) = postSolution
		SolutionGuid = {67CD9CBB-EE86-4DB1-A4E8-4B728FE42900}
	EndGlobalSection
EndGlobal
