
Microsoft Visual Studio Solution File, Format Version 12.00
# Visual Studio Version 17
VisualStudioVersion = 17.13.35806.99 d17.13
MinimumVisualStudioVersion = 10.0.40219.1
Project("{FAE04EC0-301F-11D3-BF4B-00C04F79EFBC}") = "Task1", "Task1\Task1.csproj", "{E4F54BA4-8727-412B-82F3-C0B4AE775918}"
EndProject
Global
	GlobalSection(SolutionConfigurationPlatforms) = preSolution
		Debug|Any CPU = Debug|Any CPU
		Release|Any CPU = Release|Any CPU
	EndGlobalSection
	GlobalSection(ProjectConfigurationPlatforms) = postSolution
		{E4F54BA4-8727-412B-82F3-C0B4AE775918}.Debug|Any CPU.ActiveCfg = Debug|Any CPU
		{E4F54BA4-8727-412B-82F3-C0B4AE775918}.Debug|Any CPU.Build.0 = Debug|Any CPU
		{E4F54BA4-8727-412B-82F3-C0B4AE775918}.Release|Any CPU.ActiveCfg = Release|Any CPU
		{E4F54BA4-8727-412B-82F3-C0B4AE775918}.Release|Any CPU.Build.0 = Release|Any CPU
	EndGlobalSection
	GlobalSection(SolutionProperties) = preSolution
		HideSolutionNode = FALSE
	EndGlobalSection
	GlobalSection(ExtensibilityGlobals) = postSolution
		SolutionGuid = {4FDA6BCC-79A9-4653-8CE5-7D243F43FBD2}
	EndGlobalSection
EndGlobal
