
Microsoft Visual Studio Solution File, Format Version 12.00
# Visual Studio Version 17
VisualStudioVersion = 17.13.35806.99
MinimumVisualStudioVersion = 10.0.40219.1
Project("{FAE04EC0-301F-11D3-BF4B-00C04F79EFBC}") = "Task1", "Task1\Task1.csproj", "{E4F54BA4-8727-412B-82F3-C0B4AE775918}"
EndProject
Project("{FAE04EC0-301F-11D3-BF4B-00C04F79EFBC}") = "Task2", "Task2\Task2.csproj", "{5B1E74F7-7D68-44BD-B97A-3E623FF9E971}"
EndProject
Project("{FAE04EC0-301F-11D3-BF4B-00C04F79EFBC}") = "Task3", "Task3\Task3.csproj", "{D4043591-596B-4170-9506-5D61A4EE574D}"
EndProject
Project("{FAE04EC0-301F-11D3-BF4B-00C04F79EFBC}") = "Task4", "Task4\Task4.csproj", "{830EE178-4321-47AE-8731-C32F285041A1}"
EndProject
Global
	GlobalSection(SolutionConfigurationPlatforms) = preSolution
		Debug|Any CPU = Debug|Any CPU
		Release|Any CPU = Release|Any CPU
	EndGlobalSection
	GlobalSection(ProjectConfigurationPlatforms) = postSolution
		{E4F54BA4-8727-412B-82F3-C0B4AE775918}.Debug|Any CPU.ActiveCfg = Debug|Any CPU
		{E4F54BA4-8727-412B-82F3-C0B4AE775918}.Debug|Any CPU.Build.0 = Debug|Any CPU
		{E4F54BA4-8727-412B-82F3-C0B4AE775918}.Release|Any CPU.ActiveCfg = Release|Any CPU
		{E4F54BA4-8727-412B-82F3-C0B4AE775918}.Release|Any CPU.Build.0 = Release|Any CPU
		{5B1E74F7-7D68-44BD-B97A-3E623FF9E971}.Debug|Any CPU.ActiveCfg = Debug|Any CPU
		{5B1E74F7-7D68-44BD-B97A-3E623FF9E971}.Debug|Any CPU.Build.0 = Debug|Any CPU
		{5B1E74F7-7D68-44BD-B97A-3E623FF9E971}.Release|Any CPU.ActiveCfg = Release|Any CPU
		{5B1E74F7-7D68-44BD-B97A-3E623FF9E971}.Release|Any CPU.Build.0 = Release|Any CPU
		{D4043591-596B-4170-9506-5D61A4EE574D}.Debug|Any CPU.ActiveCfg = Debug|Any CPU
		{D4043591-596B-4170-9506-5D61A4EE574D}.Debug|Any CPU.Build.0 = Debug|Any CPU
		{D4043591-596B-4170-9506-5D61A4EE574D}.Release|Any CPU.ActiveCfg = Release|Any CPU
		{D4043591-596B-4170-9506-5D61A4EE574D}.Release|Any CPU.Build.0 = Release|Any CPU
		{830EE178-4321-47AE-8731-C32F285041A1}.Debug|Any CPU.ActiveCfg = Debug|Any CPU
		{830EE178-4321-47AE-8731-C32F285041A1}.Debug|Any CPU.Build.0 = Debug|Any CPU
		{830EE178-4321-47AE-8731-C32F285041A1}.Release|Any CPU.ActiveCfg = Release|Any CPU
		{830EE178-4321-47AE-8731-C32F285041A1}.Release|Any CPU.Build.0 = Release|Any CPU
	EndGlobalSection
	GlobalSection(SolutionProperties) = preSolution
		HideSolutionNode = FALSE
	EndGlobalSection
	GlobalSection(ExtensibilityGlobals) = postSolution
		SolutionGuid = {4FDA6BCC-79A9-4653-8CE5-7D243F43FBD2}
	EndGlobalSection
EndGlobal
